
Microsoft Visual Studio Solution File, Format Version 12.00
# Visual Studio Version 17
VisualStudioVersion = 17.5.33530.505
MinimumVisualStudioVersion = 10.0.40219.1
Project("{FAE04EC0-301F-11D3-BF4B-00C04F79EFBC}") = "Kebele_Management_System", "Kebele_Management_System.csproj", "{37ADCBC3-4FF4-4EFE-BCCD-311CEA63C6D0}"
EndProject
Global
	GlobalSection(SolutionConfigurationPlatforms) = preSolution
		Debug|Any CPU = Debug|Any CPU
		Release|Any CPU = Release|Any CPU
	EndGlobalSection
	GlobalSection(ProjectConfigurationPlatforms) = postSolution
		{37ADCBC3-4FF4-4EFE-BCCD-311CEA63C6D0}.Debug|Any CPU.ActiveCfg = Debug|Any CPU
		{37ADCBC3-4FF4-4EFE-BCCD-311CEA63C6D0}.Debug|Any CPU.Build.0 = Debug|Any CPU
		{37ADCBC3-4FF4-4EFE-BCCD-311CEA63C6D0}.Release|Any CPU.ActiveCfg = Release|Any CPU
		{37ADCBC3-4FF4-4EFE-BCCD-311CEA63C6D0}.Release|Any CPU.Build.0 = Release|Any CPU
	EndGlobalSection
	GlobalSection(SolutionProperties) = preSolution
		HideSolutionNode = FALSE
	EndGlobalSection
	GlobalSection(ExtensibilityGlobals) = postSolution
		SolutionGuid = {4FCBFC26-C5EC-4378-B16F-BC6D28C30E44}
	EndGlobalSection
EndGlobal
